
Microsoft Visual Studio Solution File, Format Version 12.00
# Visual Studio Version 16
VisualStudioVersion = 16.0.31129.286
MinimumVisualStudioVersion = 10.0.40219.1
Project("{9A19103F-16F7-4668-BE54-9A1E7A4F7556}") = "TextumReader.Services.Translator", "TextumReader.TranslatorAPI\TextumReader.Services.Translator.csproj", "{4D1C648E-5F50-4523-B827-DD788738A5C8}"
EndProject
Project("{9A19103F-16F7-4668-BE54-9A1E7A4F7556}") = "TextumReader.Services.TextMaterial", "TextumReader.Services.TextMaterial\TextumReader.Services.TextMaterial.csproj", "{8B28DDE0-AF6E-4D0F-98A8-77892107F515}"
EndProject
Project("{9A19103F-16F7-4668-BE54-9A1E7A4F7556}") = "TextumReader.Services.Words", "TextumReader.Services.Dictionary\TextumReader.Services.Words.csproj", "{BAD29759-BE3D-488F-AB0B-FE69F99BC48A}"
EndProject
Project("{9A19103F-16F7-4668-BE54-9A1E7A4F7556}") = "TextumReader.Gateway", "TextumReader.Gateway\TextumReader.Gateway.csproj", "{7018B489-D696-4711-AD08-E2E07567A55A}"
EndProject
Project("{9A19103F-16F7-4668-BE54-9A1E7A4F7556}") = "TextumReader.DataAccess", "TextumReader.DataAccess\TextumReader.DataAccess.csproj", "{28E20BE5-CF0A-4272-9D9C-106629277004}"
EndProject
Project("{9A19103F-16F7-4668-BE54-9A1E7A4F7556}") = "TextumReader.GoogleTranslateScrapper", "TextumReader.GoogleTranslateScrapper\TextumReader.GoogleTranslateScrapper.csproj", "{D39E99EB-10B3-426D-97D8-35B176E27863}"
EndProject
Project("{FAE04EC0-301F-11D3-BF4B-00C04F79EFBC}") = "TextumReader.HangfireJobServer", "TextumReader.HangfireJobServer\TextumReader.HangfireJobServer.csproj", "{C7938491-4F6D-4C49-86CC-D3C09ECA6498}"
EndProject
Global
	GlobalSection(SolutionConfigurationPlatforms) = preSolution
		Debug|Any CPU = Debug|Any CPU
		Release|Any CPU = Release|Any CPU
	EndGlobalSection
	GlobalSection(ProjectConfigurationPlatforms) = postSolution
		{4D1C648E-5F50-4523-B827-DD788738A5C8}.Debug|Any CPU.ActiveCfg = Debug|Any CPU
		{4D1C648E-5F50-4523-B827-DD788738A5C8}.Debug|Any CPU.Build.0 = Debug|Any CPU
		{4D1C648E-5F50-4523-B827-DD788738A5C8}.Release|Any CPU.ActiveCfg = Release|Any CPU
		{4D1C648E-5F50-4523-B827-DD788738A5C8}.Release|Any CPU.Build.0 = Release|Any CPU
		{8B28DDE0-AF6E-4D0F-98A8-77892107F515}.Debug|Any CPU.ActiveCfg = Debug|Any CPU
		{8B28DDE0-AF6E-4D0F-98A8-77892107F515}.Debug|Any CPU.Build.0 = Debug|Any CPU
		{8B28DDE0-AF6E-4D0F-98A8-77892107F515}.Release|Any CPU.ActiveCfg = Release|Any CPU
		{8B28DDE0-AF6E-4D0F-98A8-77892107F515}.Release|Any CPU.Build.0 = Release|Any CPU
		{BAD29759-BE3D-488F-AB0B-FE69F99BC48A}.Debug|Any CPU.ActiveCfg = Debug|Any CPU
		{BAD29759-BE3D-488F-AB0B-FE69F99BC48A}.Debug|Any CPU.Build.0 = Debug|Any CPU
		{BAD29759-BE3D-488F-AB0B-FE69F99BC48A}.Release|Any CPU.ActiveCfg = Release|Any CPU
		{BAD29759-BE3D-488F-AB0B-FE69F99BC48A}.Release|Any CPU.Build.0 = Release|Any CPU
		{7018B489-D696-4711-AD08-E2E07567A55A}.Debug|Any CPU.ActiveCfg = Debug|Any CPU
		{7018B489-D696-4711-AD08-E2E07567A55A}.Debug|Any CPU.Build.0 = Debug|Any CPU
		{7018B489-D696-4711-AD08-E2E07567A55A}.Release|Any CPU.ActiveCfg = Release|Any CPU
		{7018B489-D696-4711-AD08-E2E07567A55A}.Release|Any CPU.Build.0 = Release|Any CPU
		{28E20BE5-CF0A-4272-9D9C-106629277004}.Debug|Any CPU.ActiveCfg = Debug|Any CPU
		{28E20BE5-CF0A-4272-9D9C-106629277004}.Debug|Any CPU.Build.0 = Debug|Any CPU
		{28E20BE5-CF0A-4272-9D9C-106629277004}.Release|Any CPU.ActiveCfg = Release|Any CPU
		{28E20BE5-CF0A-4272-9D9C-106629277004}.Release|Any CPU.Build.0 = Release|Any CPU
		{D39E99EB-10B3-426D-97D8-35B176E27863}.Debug|Any CPU.ActiveCfg = Debug|Any CPU
		{D39E99EB-10B3-426D-97D8-35B176E27863}.Debug|Any CPU.Build.0 = Debug|Any CPU
		{D39E99EB-10B3-426D-97D8-35B176E27863}.Release|Any CPU.ActiveCfg = Release|Any CPU
		{D39E99EB-10B3-426D-97D8-35B176E27863}.Release|Any CPU.Build.0 = Release|Any CPU
		{C7938491-4F6D-4C49-86CC-D3C09ECA6498}.Debug|Any CPU.ActiveCfg = Debug|Any CPU
		{C7938491-4F6D-4C49-86CC-D3C09ECA6498}.Debug|Any CPU.Build.0 = Debug|Any CPU
		{C7938491-4F6D-4C49-86CC-D3C09ECA6498}.Release|Any CPU.ActiveCfg = Release|Any CPU
		{C7938491-4F6D-4C49-86CC-D3C09ECA6498}.Release|Any CPU.Build.0 = Release|Any CPU
	EndGlobalSection
	GlobalSection(SolutionProperties) = preSolution
		HideSolutionNode = FALSE
	EndGlobalSection
	GlobalSection(ExtensibilityGlobals) = postSolution
		SolutionGuid = {0C803B01-74D2-4BC4-9A1E-E06EE244A261}
	EndGlobalSection
EndGlobal
